
Microsoft Visual Studio Solution File, Format Version 12.00
# Visual Studio 15
VisualStudioVersion = 15.0.27428.2002
MinimumVisualStudioVersion = 10.0.40219.1
Project("{FAE04EC0-301F-11D3-BF4B-00C04F79EFBC}") = "ASPNetCloud", "ASPNetCloud\ASPNetCloud.csproj", "{2138FA62-898F-4792-A00A-FAB7548FFCBE}"
EndProject
Global
	GlobalSection(SolutionConfigurationPlatforms) = preSolution
		Debug|Any CPU = Debug|Any CPU
		Release|Any CPU = Release|Any CPU
	EndGlobalSection
	GlobalSection(ProjectConfigurationPlatforms) = postSolution
		{2138FA62-898F-4792-A00A-FAB7548FFCBE}.Debug|Any CPU.ActiveCfg = Debug|Any CPU
		{2138FA62-898F-4792-A00A-FAB7548FFCBE}.Debug|Any CPU.Build.0 = Debug|Any CPU
		{2138FA62-898F-4792-A00A-FAB7548FFCBE}.Release|Any CPU.ActiveCfg = Release|Any CPU
		{2138FA62-898F-4792-A00A-FAB7548FFCBE}.Release|Any CPU.Build.0 = Release|Any CPU
	EndGlobalSection
	GlobalSection(SolutionProperties) = preSolution
		HideSolutionNode = FALSE
	EndGlobalSection
	GlobalSection(ExtensibilityGlobals) = postSolution
		SolutionGuid = {53F43413-319A-43B5-8906-AEC7C8441E7F}
	EndGlobalSection
EndGlobal
